// !$*UTF8*$!
{
	archiveVersion = 1;
	classes = {
	};
	objectVersion = 50;
	objects = {

/* Begin PBXBuildFile section */
		341232BA21C1C21900CB89DF /* Chapter3Tests.swift in Sources */ = {isa = PBXBuildFile; fileRef = 341232B921C1C21900CB89DF /* Chapter3Tests.swift */; };
		341232BC21C202FA00CB89DF /* Cdf.swift in Sources */ = {isa = PBXBuildFile; fileRef = 341232BB21C202FA00CB89DF /* Cdf.swift */; };
		341232BE21C20C0400CB89DF /* binarySearch.swift in Sources */ = {isa = PBXBuildFile; fileRef = 341232BD21C20C0400CB89DF /* binarySearch.swift */; };
		341232C021C2102300CB89DF /* CdfTests.swift in Sources */ = {isa = PBXBuildFile; fileRef = 341232BF21C2102300CB89DF /* CdfTests.swift */; };
		341232C221C225A500CB89DF /* Chapter4Tests.swift in Sources */ = {isa = PBXBuildFile; fileRef = 341232C121C225A500CB89DF /* Chapter4Tests.swift */; };
		341A0A7621C872D400E583B2 /* odds.swift in Sources */ = {isa = PBXBuildFile; fileRef = 341A0A7521C872D400E583B2 /* odds.swift */; };
		341A0A7821C873E400E583B2 /* Chapter5Tests.swift in Sources */ = {isa = PBXBuildFile; fileRef = 341A0A7721C873E400E583B2 /* Chapter5Tests.swift */; };
		341A0A7A21C9B91600E583B2 /* operations.swift in Sources */ = {isa = PBXBuildFile; fileRef = 341A0A7921C9B91600E583B2 /* operations.swift */; };
		3428216621E9620100296852 /* SwiftStats.framework in Frameworks */ = {isa = PBXBuildFile; fileRef = 3428216521E9620100296852 /* SwiftStats.framework */; };
		3428216921E9636100296852 /* SwiftStats.framework.dSYM in CopyFiles */ = {isa = PBXBuildFile; fileRef = 3428216821E9636100296852 /* SwiftStats.framework.dSYM */; };
		3428216B21E9672400296852 /* TestSwiftStatsAvailability.swift in Sources */ = {isa = PBXBuildFile; fileRef = 3428216A21E9672400296852 /* TestSwiftStatsAvailability.swift */; };
		3432444321B5147D00D3B99C /* SwiftThinkBayes.framework in Frameworks */ = {isa = PBXBuildFile; fileRef = 3432443921B5147C00D3B99C /* SwiftThinkBayes.framework */; };
		3432444821B5147D00D3B99C /* Chapter2Tests.swift in Sources */ = {isa = PBXBuildFile; fileRef = 3432444721B5147D00D3B99C /* Chapter2Tests.swift */; };
		3432445421B5161600D3B99C /* Pmf.swift in Sources */ = {isa = PBXBuildFile; fileRef = 3432445321B5161600D3B99C /* Pmf.swift */; };
		344473DC21B5CDEC0095FA6B /* DictWrapperTests.swift in Sources */ = {isa = PBXBuildFile; fileRef = 344473DB21B5CDEC0095FA6B /* DictWrapperTests.swift */; };
		344473DE21B5CE180095FA6B /* DictWrapper.swift in Sources */ = {isa = PBXBuildFile; fileRef = 344473DD21B5CE180095FA6B /* DictWrapper.swift */; };
		344473E021B5CF000095FA6B /* PmfTests.swift in Sources */ = {isa = PBXBuildFile; fileRef = 344473DF21B5CF000095FA6B /* PmfTests.swift */; };
		3491580221C8544900D80D03 /* Beta.swift in Sources */ = {isa = PBXBuildFile; fileRef = 3491580121C8544900D80D03 /* Beta.swift */; };
		34AECE2221B67678007D42E4 /* Suite.swift in Sources */ = {isa = PBXBuildFile; fileRef = 34AECE2121B67678007D42E4 /* Suite.swift */; };
/* End PBXBuildFile section */

/* Begin PBXContainerItemProxy section */
		3432444421B5147D00D3B99C /* PBXContainerItemProxy */ = {
			isa = PBXContainerItemProxy;
			containerPortal = 3432443021B5147C00D3B99C /* Project object */;
			proxyType = 1;
			remoteGlobalIDString = 3432443821B5147C00D3B99C;
			remoteInfo = SwiftThinkBayes;
		};
/* End PBXContainerItemProxy section */

/* Begin PBXCopyFilesBuildPhase section */
		3428216721E9633200296852 /* CopyFiles */ = {
			isa = PBXCopyFilesBuildPhase;
			buildActionMask = 2147483647;
			dstPath = "";
			dstSubfolderSpec = 16;
			files = (
				3428216921E9636100296852 /* SwiftStats.framework.dSYM in CopyFiles */,
			);
			runOnlyForDeploymentPostprocessing = 0;
		};
/* End PBXCopyFilesBuildPhase section */

/* Begin PBXFileReference section */
		341232B921C1C21900CB89DF /* Chapter3Tests.swift */ = {isa = PBXFileReference; lastKnownFileType = sourcecode.swift; path = Chapter3Tests.swift; sourceTree = "<group>"; };
		341232BB21C202FA00CB89DF /* Cdf.swift */ = {isa = PBXFileReference; lastKnownFileType = sourcecode.swift; path = Cdf.swift; sourceTree = "<group>"; };
		341232BD21C20C0400CB89DF /* binarySearch.swift */ = {isa = PBXFileReference; lastKnownFileType = sourcecode.swift; path = binarySearch.swift; sourceTree = "<group>"; };
		341232BF21C2102300CB89DF /* CdfTests.swift */ = {isa = PBXFileReference; lastKnownFileType = sourcecode.swift; path = CdfTests.swift; sourceTree = "<group>"; };
		341232C121C225A500CB89DF /* Chapter4Tests.swift */ = {isa = PBXFileReference; lastKnownFileType = sourcecode.swift; path = Chapter4Tests.swift; sourceTree = "<group>"; };
		341A0A7521C872D400E583B2 /* odds.swift */ = {isa = PBXFileReference; lastKnownFileType = sourcecode.swift; path = odds.swift; sourceTree = "<group>"; };
		341A0A7721C873E400E583B2 /* Chapter5Tests.swift */ = {isa = PBXFileReference; lastKnownFileType = sourcecode.swift; path = Chapter5Tests.swift; sourceTree = "<group>"; };
		341A0A7921C9B91600E583B2 /* operations.swift */ = {isa = PBXFileReference; lastKnownFileType = sourcecode.swift; path = operations.swift; sourceTree = "<group>"; };
		3428216121E85B9800296852 /* MyPlayground.playground */ = {isa = PBXFileReference; lastKnownFileType = file.playground; path = MyPlayground.playground; sourceTree = "<group>"; xcLanguageSpecificationIdentifier = xcode.lang.swift; };
		3428216221E95F9B00296852 /* Cartfile */ = {isa = PBXFileReference; lastKnownFileType = text; path = Cartfile; sourceTree = SOURCE_ROOT; };
		3428216521E9620100296852 /* SwiftStats.framework */ = {isa = PBXFileReference; lastKnownFileType = wrapper.framework; name = SwiftStats.framework; path = Carthage/Build/Mac/SwiftStats.framework; sourceTree = "<group>"; };
		3428216821E9636100296852 /* SwiftStats.framework.dSYM */ = {isa = PBXFileReference; lastKnownFileType = wrapper.dsym; name = SwiftStats.framework.dSYM; path = Carthage/Build/Mac/SwiftStats.framework.dSYM; sourceTree = "<group>"; };
		3428216A21E9672400296852 /* TestSwiftStatsAvailability.swift */ = {isa = PBXFileReference; lastKnownFileType = sourcecode.swift; path = TestSwiftStatsAvailability.swift; sourceTree = "<group>"; };
		3432443921B5147C00D3B99C /* SwiftThinkBayes.framework */ = {isa = PBXFileReference; explicitFileType = wrapper.framework; includeInIndex = 0; path = SwiftThinkBayes.framework; sourceTree = BUILT_PRODUCTS_DIR; };
		3432443D21B5147C00D3B99C /* Info.plist */ = {isa = PBXFileReference; lastKnownFileType = text.plist.xml; path = Info.plist; sourceTree = "<group>"; };
		3432444221B5147D00D3B99C /* SwiftThinkBayesTests.xctest */ = {isa = PBXFileReference; explicitFileType = wrapper.cfbundle; includeInIndex = 0; path = SwiftThinkBayesTests.xctest; sourceTree = BUILT_PRODUCTS_DIR; };
		3432444721B5147D00D3B99C /* Chapter2Tests.swift */ = {isa = PBXFileReference; lastKnownFileType = sourcecode.swift; path = Chapter2Tests.swift; sourceTree = "<group>"; };
		3432444921B5147D00D3B99C /* Info.plist */ = {isa = PBXFileReference; lastKnownFileType = text.plist.xml; path = Info.plist; sourceTree = "<group>"; };
		3432445321B5161600D3B99C /* Pmf.swift */ = {isa = PBXFileReference; lastKnownFileType = sourcecode.swift; path = Pmf.swift; sourceTree = "<group>"; };
		344473DB21B5CDEC0095FA6B /* DictWrapperTests.swift */ = {isa = PBXFileReference; lastKnownFileType = sourcecode.swift; path = DictWrapperTests.swift; sourceTree = "<group>"; };
		344473DD21B5CE180095FA6B /* DictWrapper.swift */ = {isa = PBXFileReference; lastKnownFileType = sourcecode.swift; path = DictWrapper.swift; sourceTree = "<group>"; };
		344473DF21B5CF000095FA6B /* PmfTests.swift */ = {isa = PBXFileReference; lastKnownFileType = sourcecode.swift; path = PmfTests.swift; sourceTree = "<group>"; };
		3491580121C8544900D80D03 /* Beta.swift */ = {isa = PBXFileReference; lastKnownFileType = sourcecode.swift; path = Beta.swift; sourceTree = "<group>"; };
		34AECE1F21B661CE007D42E4 /* thinkbayes.py */ = {isa = PBXFileReference; lastKnownFileType = text.script.python; path = thinkbayes.py; sourceTree = "<group>"; };
		34AECE2021B661DE007D42E4 /* thinkbayes2.py */ = {isa = PBXFileReference; lastKnownFileType = text.script.python; path = thinkbayes2.py; sourceTree = "<group>"; };
		34AECE2121B67678007D42E4 /* Suite.swift */ = {isa = PBXFileReference; lastKnownFileType = sourcecode.swift; path = Suite.swift; sourceTree = "<group>"; };
/* End PBXFileReference section */

/* Begin PBXFrameworksBuildPhase section */
		3432443621B5147C00D3B99C /* Frameworks */ = {
			isa = PBXFrameworksBuildPhase;
			buildActionMask = 2147483647;
			files = (
			);
			runOnlyForDeploymentPostprocessing = 0;
		};
		3432443F21B5147D00D3B99C /* Frameworks */ = {
			isa = PBXFrameworksBuildPhase;
			buildActionMask = 2147483647;
			files = (
				3428216621E9620100296852 /* SwiftStats.framework in Frameworks */,
				3432444321B5147D00D3B99C /* SwiftThinkBayes.framework in Frameworks */,
			);
			runOnlyForDeploymentPostprocessing = 0;
		};
/* End PBXFrameworksBuildPhase section */

/* Begin PBXGroup section */
		3428216421E9620100296852 /* Frameworks */ = {
			isa = PBXGroup;
			children = (
				3428216521E9620100296852 /* SwiftStats.framework */,
			);
			name = Frameworks;
			sourceTree = "<group>";
		};
		3432442F21B5147C00D3B99C = {
			isa = PBXGroup;
			children = (
				3428216821E9636100296852 /* SwiftStats.framework.dSYM */,
				3428216221E95F9B00296852 /* Cartfile */,
				3428216121E85B9800296852 /* MyPlayground.playground */,
				34AECE1E21B6612C007D42E4 /* ThinkBayes Code */,
				3432443B21B5147C00D3B99C /* SwiftThinkBayes */,
				3432444621B5147D00D3B99C /* SwiftThinkBayesTests */,
				3432443A21B5147C00D3B99C /* Products */,
				3428216421E9620100296852 /* Frameworks */,
			);
			sourceTree = "<group>";
		};
		3432443A21B5147C00D3B99C /* Products */ = {
			isa = PBXGroup;
			children = (
				3432443921B5147C00D3B99C /* SwiftThinkBayes.framework */,
				3432444221B5147D00D3B99C /* SwiftThinkBayesTests.xctest */,
			);
			name = Products;
			sourceTree = "<group>";
		};
		3432443B21B5147C00D3B99C /* SwiftThinkBayes */ = {
			isa = PBXGroup;
			children = (
				3432443D21B5147C00D3B99C /* Info.plist */,
				341232BD21C20C0400CB89DF /* binarySearch.swift */,
				341A0A7521C872D400E583B2 /* odds.swift */,
				341A0A7921C9B91600E583B2 /* operations.swift */,
				344473DD21B5CE180095FA6B /* DictWrapper.swift */,
				341232BB21C202FA00CB89DF /* Cdf.swift */,
				3432445321B5161600D3B99C /* Pmf.swift */,
				34AECE2121B67678007D42E4 /* Suite.swift */,
				3491580121C8544900D80D03 /* Beta.swift */,
			);
			path = SwiftThinkBayes;
			sourceTree = "<group>";
		};
		3432444621B5147D00D3B99C /* SwiftThinkBayesTests */ = {
			isa = PBXGroup;
			children = (
				3432444921B5147D00D3B99C /* Info.plist */,
				344473DB21B5CDEC0095FA6B /* DictWrapperTests.swift */,
				344473DF21B5CF000095FA6B /* PmfTests.swift */,
				341232BF21C2102300CB89DF /* CdfTests.swift */,
				3432444721B5147D00D3B99C /* Chapter2Tests.swift */,
				341232B921C1C21900CB89DF /* Chapter3Tests.swift */,
				341232C121C225A500CB89DF /* Chapter4Tests.swift */,
				341A0A7721C873E400E583B2 /* Chapter5Tests.swift */,
				3428216A21E9672400296852 /* TestSwiftStatsAvailability.swift */,
			);
			path = SwiftThinkBayesTests;
			sourceTree = "<group>";
		};
		34AECE1E21B6612C007D42E4 /* ThinkBayes Code */ = {
			isa = PBXGroup;
			children = (
				34AECE1F21B661CE007D42E4 /* thinkbayes.py */,
				34AECE2021B661DE007D42E4 /* thinkbayes2.py */,
			);
			path = "ThinkBayes Code";
			sourceTree = "<group>";
		};
/* End PBXGroup section */

/* Begin PBXHeadersBuildPhase section */
		3432443421B5147C00D3B99C /* Headers */ = {
			isa = PBXHeadersBuildPhase;
			buildActionMask = 2147483647;
			files = (
			);
			runOnlyForDeploymentPostprocessing = 0;
		};
/* End PBXHeadersBuildPhase section */

/* Begin PBXNativeTarget section */
		3432443821B5147C00D3B99C /* SwiftThinkBayes */ = {
			isa = PBXNativeTarget;
			buildConfigurationList = 3432444D21B5147D00D3B99C /* Build configuration list for PBXNativeTarget "SwiftThinkBayes" */;
			buildPhases = (
				3432443421B5147C00D3B99C /* Headers */,
				3432443521B5147C00D3B99C /* Sources */,
				3432443621B5147C00D3B99C /* Frameworks */,
				3432443721B5147C00D3B99C /* Resources */,
			);
			buildRules = (
			);
			dependencies = (
			);
			name = SwiftThinkBayes;
			productName = SwiftThinkBayes;
			productReference = 3432443921B5147C00D3B99C /* SwiftThinkBayes.framework */;
			productType = "com.apple.product-type.framework";
		};
		3432444121B5147D00D3B99C /* SwiftThinkBayesTests */ = {
			isa = PBXNativeTarget;
			buildConfigurationList = 3432445021B5147D00D3B99C /* Build configuration list for PBXNativeTarget "SwiftThinkBayesTests" */;
			buildPhases = (
				3432443E21B5147D00D3B99C /* Sources */,
				3432443F21B5147D00D3B99C /* Frameworks */,
				3432444021B5147D00D3B99C /* Resources */,
				3428216721E9633200296852 /* CopyFiles */,
			);
			buildRules = (
			);
			dependencies = (
				3432444521B5147D00D3B99C /* PBXTargetDependency */,
			);
			name = SwiftThinkBayesTests;
			productName = SwiftThinkBayesTests;
			productReference = 3432444221B5147D00D3B99C /* SwiftThinkBayesTests.xctest */;
			productType = "com.apple.product-type.bundle.unit-test";
		};
/* End PBXNativeTarget section */

/* Begin PBXProject section */
		3432443021B5147C00D3B99C /* Project object */ = {
			isa = PBXProject;
			attributes = {
				LastSwiftUpdateCheck = 1010;
				LastUpgradeCheck = 1010;
				ORGANIZATIONNAME = "Matthew Walker";
				TargetAttributes = {
					3432443821B5147C00D3B99C = {
						CreatedOnToolsVersion = 10.1;
						LastSwiftMigration = 1010;
					};
					3432444121B5147D00D3B99C = {
						CreatedOnToolsVersion = 10.1;
					};
				};
			};
			buildConfigurationList = 3432443321B5147C00D3B99C /* Build configuration list for PBXProject "SwiftThinkBayes" */;
			compatibilityVersion = "Xcode 9.3";
			developmentRegion = en;
			hasScannedForEncodings = 0;
			knownRegions = (
				en,
			);
			mainGroup = 3432442F21B5147C00D3B99C;
			productRefGroup = 3432443A21B5147C00D3B99C /* Products */;
			projectDirPath = "";
			projectRoot = "";
			targets = (
				3432443821B5147C00D3B99C /* SwiftThinkBayes */,
				3432444121B5147D00D3B99C /* SwiftThinkBayesTests */,
			);
		};
/* End PBXProject section */

/* Begin PBXResourcesBuildPhase section */
		3432443721B5147C00D3B99C /* Resources */ = {
			isa = PBXResourcesBuildPhase;
			buildActionMask = 2147483647;
			files = (
			);
			runOnlyForDeploymentPostprocessing = 0;
		};
		3432444021B5147D00D3B99C /* Resources */ = {
			isa = PBXResourcesBuildPhase;
			buildActionMask = 2147483647;
			files = (
			);
			runOnlyForDeploymentPostprocessing = 0;
		};
/* End PBXResourcesBuildPhase section */

/* Begin PBXSourcesBuildPhase section */
		3432443521B5147C00D3B99C /* Sources */ = {
			isa = PBXSourcesBuildPhase;
			buildActionMask = 2147483647;
			files = (
				34AECE2221B67678007D42E4 /* Suite.swift in Sources */,
				341232BC21C202FA00CB89DF /* Cdf.swift in Sources */,
				3432445421B5161600D3B99C /* Pmf.swift in Sources */,
				341A0A7A21C9B91600E583B2 /* operations.swift in Sources */,
				3491580221C8544900D80D03 /* Beta.swift in Sources */,
				341A0A7621C872D400E583B2 /* odds.swift in Sources */,
				344473DE21B5CE180095FA6B /* DictWrapper.swift in Sources */,
				341232BE21C20C0400CB89DF /* binarySearch.swift in Sources */,
			);
			runOnlyForDeploymentPostprocessing = 0;
		};
		3432443E21B5147D00D3B99C /* Sources */ = {
			isa = PBXSourcesBuildPhase;
			buildActionMask = 2147483647;
			files = (
				341A0A7821C873E400E583B2 /* Chapter5Tests.swift in Sources */,
				341232C221C225A500CB89DF /* Chapter4Tests.swift in Sources */,
				3432444821B5147D00D3B99C /* Chapter2Tests.swift in Sources */,
				344473DC21B5CDEC0095FA6B /* DictWrapperTests.swift in Sources */,
				3428216B21E9672400296852 /* TestSwiftStatsAvailability.swift in Sources */,
				341232C021C2102300CB89DF /* CdfTests.swift in Sources */,
				344473E021B5CF000095FA6B /* PmfTests.swift in Sources */,
				341232BA21C1C21900CB89DF /* Chapter3Tests.swift in Sources */,
			);
			runOnlyForDeploymentPostprocessing = 0;
		};
/* End PBXSourcesBuildPhase section */

/* Begin PBXTargetDependency section */
		3432444521B5147D00D3B99C /* PBXTargetDependency */ = {
			isa = PBXTargetDependency;
			target = 3432443821B5147C00D3B99C /* SwiftThinkBayes */;
			targetProxy = 3432444421B5147D00D3B99C /* PBXContainerItemProxy */;
		};
/* End PBXTargetDependency section */

/* Begin XCBuildConfiguration section */
		3432444B21B5147D00D3B99C /* Debug */ = {
			isa = XCBuildConfiguration;
			buildSettings = {
				ALWAYS_SEARCH_USER_PATHS = NO;
				CLANG_ANALYZER_NONNULL = YES;
				CLANG_ANALYZER_NUMBER_OBJECT_CONVERSION = YES_AGGRESSIVE;
				CLANG_CXX_LANGUAGE_STANDARD = "gnu++14";
				CLANG_CXX_LIBRARY = "libc++";
				CLANG_ENABLE_MODULES = YES;
				CLANG_ENABLE_OBJC_ARC = YES;
				CLANG_ENABLE_OBJC_WEAK = YES;
				CLANG_WARN_BLOCK_CAPTURE_AUTORELEASING = YES;
				CLANG_WARN_BOOL_CONVERSION = YES;
				CLANG_WARN_COMMA = YES;
				CLANG_WARN_CONSTANT_CONVERSION = YES;
				CLANG_WARN_DEPRECATED_OBJC_IMPLEMENTATIONS = YES;
				CLANG_WARN_DIRECT_OBJC_ISA_USAGE = YES_ERROR;
				CLANG_WARN_DOCUMENTATION_COMMENTS = YES;
				CLANG_WARN_EMPTY_BODY = YES;
				CLANG_WARN_ENUM_CONVERSION = YES;
				CLANG_WARN_INFINITE_RECURSION = YES;
				CLANG_WARN_INT_CONVERSION = YES;
				CLANG_WARN_NON_LITERAL_NULL_CONVERSION = YES;
				CLANG_WARN_OBJC_IMPLICIT_RETAIN_SELF = YES;
				CLANG_WARN_OBJC_LITERAL_CONVERSION = YES;
				CLANG_WARN_OBJC_ROOT_CLASS = YES_ERROR;
				CLANG_WARN_RANGE_LOOP_ANALYSIS = YES;
				CLANG_WARN_STRICT_PROTOTYPES = YES;
				CLANG_WARN_SUSPICIOUS_MOVE = YES;
				CLANG_WARN_UNGUARDED_AVAILABILITY = YES_AGGRESSIVE;
				CLANG_WARN_UNREACHABLE_CODE = YES;
				CLANG_WARN__DUPLICATE_METHOD_MATCH = YES;
				CODE_SIGN_IDENTITY = "Mac Developer";
				COPY_PHASE_STRIP = NO;
				CURRENT_PROJECT_VERSION = 1;
				DEBUG_INFORMATION_FORMAT = dwarf;
				ENABLE_STRICT_OBJC_MSGSEND = YES;
				ENABLE_TESTABILITY = YES;
				GCC_C_LANGUAGE_STANDARD = gnu11;
				GCC_DYNAMIC_NO_PIC = NO;
				GCC_NO_COMMON_BLOCKS = YES;
				GCC_OPTIMIZATION_LEVEL = 0;
				GCC_PREPROCESSOR_DEFINITIONS = (
					"DEBUG=1",
					"$(inherited)",
				);
				GCC_WARN_64_TO_32_BIT_CONVERSION = YES;
				GCC_WARN_ABOUT_RETURN_TYPE = YES_ERROR;
				GCC_WARN_UNDECLARED_SELECTOR = YES;
				GCC_WARN_UNINITIALIZED_AUTOS = YES_AGGRESSIVE;
				GCC_WARN_UNUSED_FUNCTION = YES;
				GCC_WARN_UNUSED_VARIABLE = YES;
				IPHONEOS_DEPLOYMENT_TARGET = 11.0;
				MACOSX_DEPLOYMENT_TARGET = 10.13;
				MTL_ENABLE_DEBUG_INFO = INCLUDE_SOURCE;
				MTL_FAST_MATH = YES;
				ONLY_ACTIVE_ARCH = YES;
				RESOURCES_TARGETED_DEVICE_FAMILY = "1,2";
				SDKROOT = macosx;
				SUPPORTED_PLATFORMS = "iphonesimulator iphoneos macosx";
				SWIFT_ACTIVE_COMPILATION_CONDITIONS = DEBUG;
				SWIFT_OPTIMIZATION_LEVEL = "-Onone";
				VERSIONING_SYSTEM = "apple-generic";
				VERSION_INFO_PREFIX = "";
			};
			name = Debug;
		};
		3432444C21B5147D00D3B99C /* Release */ = {
			isa = XCBuildConfiguration;
			buildSettings = {
				ALWAYS_SEARCH_USER_PATHS = NO;
				CLANG_ANALYZER_NONNULL = YES;
				CLANG_ANALYZER_NUMBER_OBJECT_CONVERSION = YES_AGGRESSIVE;
				CLANG_CXX_LANGUAGE_STANDARD = "gnu++14";
				CLANG_CXX_LIBRARY = "libc++";
				CLANG_ENABLE_MODULES = YES;
				CLANG_ENABLE_OBJC_ARC = YES;
				CLANG_ENABLE_OBJC_WEAK = YES;
				CLANG_WARN_BLOCK_CAPTURE_AUTORELEASING = YES;
				CLANG_WARN_BOOL_CONVERSION = YES;
				CLANG_WARN_COMMA = YES;
				CLANG_WARN_CONSTANT_CONVERSION = YES;
				CLANG_WARN_DEPRECATED_OBJC_IMPLEMENTATIONS = YES;
				CLANG_WARN_DIRECT_OBJC_ISA_USAGE = YES_ERROR;
				CLANG_WARN_DOCUMENTATION_COMMENTS = YES;
				CLANG_WARN_EMPTY_BODY = YES;
				CLANG_WARN_ENUM_CONVERSION = YES;
				CLANG_WARN_INFINITE_RECURSION = YES;
				CLANG_WARN_INT_CONVERSION = YES;
				CLANG_WARN_NON_LITERAL_NULL_CONVERSION = YES;
				CLANG_WARN_OBJC_IMPLICIT_RETAIN_SELF = YES;
				CLANG_WARN_OBJC_LITERAL_CONVERSION = YES;
				CLANG_WARN_OBJC_ROOT_CLASS = YES_ERROR;
				CLANG_WARN_RANGE_LOOP_ANALYSIS = YES;
				CLANG_WARN_STRICT_PROTOTYPES = YES;
				CLANG_WARN_SUSPICIOUS_MOVE = YES;
				CLANG_WARN_UNGUARDED_AVAILABILITY = YES_AGGRESSIVE;
				CLANG_WARN_UNREACHABLE_CODE = YES;
				CLANG_WARN__DUPLICATE_METHOD_MATCH = YES;
				CODE_SIGN_IDENTITY = "Mac Developer";
				COPY_PHASE_STRIP = NO;
				CURRENT_PROJECT_VERSION = 1;
				DEBUG_INFORMATION_FORMAT = "dwarf-with-dsym";
				ENABLE_NS_ASSERTIONS = NO;
				ENABLE_STRICT_OBJC_MSGSEND = YES;
				GCC_C_LANGUAGE_STANDARD = gnu11;
				GCC_NO_COMMON_BLOCKS = YES;
				GCC_WARN_64_TO_32_BIT_CONVERSION = YES;
				GCC_WARN_ABOUT_RETURN_TYPE = YES_ERROR;
				GCC_WARN_UNDECLARED_SELECTOR = YES;
				GCC_WARN_UNINITIALIZED_AUTOS = YES_AGGRESSIVE;
				GCC_WARN_UNUSED_FUNCTION = YES;
				GCC_WARN_UNUSED_VARIABLE = YES;
				IPHONEOS_DEPLOYMENT_TARGET = 11.0;
				MACOSX_DEPLOYMENT_TARGET = 10.13;
				MTL_ENABLE_DEBUG_INFO = NO;
				MTL_FAST_MATH = YES;
				RESOURCES_TARGETED_DEVICE_FAMILY = "1,2";
				SDKROOT = macosx;
				SUPPORTED_PLATFORMS = "iphonesimulator iphoneos macosx";
				SWIFT_COMPILATION_MODE = wholemodule;
				SWIFT_OPTIMIZATION_LEVEL = "-O";
				VERSIONING_SYSTEM = "apple-generic";
				VERSION_INFO_PREFIX = "";
			};
			name = Release;
		};
		3432444E21B5147D00D3B99C /* Debug */ = {
			isa = XCBuildConfiguration;
			buildSettings = {
				CLANG_ENABLE_MODULES = YES;
				CODE_SIGN_IDENTITY = "";
				CODE_SIGN_STYLE = Automatic;
				COMBINE_HIDPI_IMAGES = YES;
				DEFINES_MODULE = YES;
				DEVELOPMENT_TEAM = 62KLMYWD79;
				DYLIB_COMPATIBILITY_VERSION = 1;
				DYLIB_CURRENT_VERSION = 1;
				DYLIB_INSTALL_NAME_BASE = "@rpath";
				FRAMEWORK_VERSION = A;
				INFOPLIST_FILE = SwiftThinkBayes/Info.plist;
				INSTALL_PATH = "$(LOCAL_LIBRARY_DIR)/Frameworks";
				LD_RUNPATH_SEARCH_PATHS = (
					"$(inherited)",
					"@executable_path/../Frameworks",
					"@loader_path/Frameworks",
				);
				PRODUCT_BUNDLE_IDENTIFIER = com.mattgwwalker.SwiftThinkBayes;
				PRODUCT_NAME = "$(TARGET_NAME:c99extidentifier)";
				SKIP_INSTALL = YES;
				SWIFT_OPTIMIZATION_LEVEL = "-Onone";
				SWIFT_VERSION = 4.2;
			};
			name = Debug;
		};
		3432444F21B5147D00D3B99C /* Release */ = {
			isa = XCBuildConfiguration;
			buildSettings = {
				CLANG_ENABLE_MODULES = YES;
				CODE_SIGN_IDENTITY = "";
				CODE_SIGN_STYLE = Automatic;
				COMBINE_HIDPI_IMAGES = YES;
				DEFINES_MODULE = YES;
				DEVELOPMENT_TEAM = 62KLMYWD79;
				DYLIB_COMPATIBILITY_VERSION = 1;
				DYLIB_CURRENT_VERSION = 1;
				DYLIB_INSTALL_NAME_BASE = "@rpath";
				FRAMEWORK_VERSION = A;
				INFOPLIST_FILE = SwiftThinkBayes/Info.plist;
				INSTALL_PATH = "$(LOCAL_LIBRARY_DIR)/Frameworks";
				LD_RUNPATH_SEARCH_PATHS = (
					"$(inherited)",
					"@executable_path/../Frameworks",
					"@loader_path/Frameworks",
				);
				PRODUCT_BUNDLE_IDENTIFIER = com.mattgwwalker.SwiftThinkBayes;
				PRODUCT_NAME = "$(TARGET_NAME:c99extidentifier)";
				SKIP_INSTALL = YES;
				SWIFT_VERSION = 4.2;
			};
			name = Release;
		};
		3432445121B5147D00D3B99C /* Debug */ = {
			isa = XCBuildConfiguration;
			buildSettings = {
				ALWAYS_EMBED_SWIFT_STANDARD_LIBRARIES = YES;
				CODE_SIGN_STYLE = Automatic;
				COMBINE_HIDPI_IMAGES = YES;
				DEVELOPMENT_TEAM = 62KLMYWD79;
				FRAMEWORK_SEARCH_PATHS = (
					"$(inherited)",
					"$(PROJECT_DIR)/Carthage/Build/Mac",
				);
				INFOPLIST_FILE = SwiftThinkBayesTests/Info.plist;
				LD_RUNPATH_SEARCH_PATHS = (
					"$(inherited)",
					"@executable_path/../Frameworks",
					"@loader_path/../Frameworks",
					"@loader_path/Frameworks",
					"$(PROJECT_DIR)/Carthage/Build/Mac",
				);
				PRODUCT_BUNDLE_IDENTIFIER = com.mattgwwalker.SwiftThinkBayesTests;
				PRODUCT_NAME = "$(TARGET_NAME)";
				SWIFT_VERSION = 4.2;
			};
			name = Debug;
		};
		3432445221B5147D00D3B99C /* Release */ = {
			isa = XCBuildConfiguration;
			buildSettings = {
				ALWAYS_EMBED_SWIFT_STANDARD_LIBRARIES = YES;
				CODE_SIGN_STYLE = Automatic;
				COMBINE_HIDPI_IMAGES = YES;
				DEVELOPMENT_TEAM = 62KLMYWD79;
				FRAMEWORK_SEARCH_PATHS = (
					"$(inherited)",
					"$(PROJECT_DIR)/Carthage/Build/Mac",
				);
				INFOPLIST_FILE = SwiftThinkBayesTests/Info.plist;
				LD_RUNPATH_SEARCH_PATHS = (
					"$(inherited)",
					"@executable_path/../Frameworks",
					"@loader_path/../Frameworks",
					"@loader_path/Frameworks",
					"$(PROJECT_DIR)/Carthage/Build/Mac",
				);
				PRODUCT_BUNDLE_IDENTIFIER = com.mattgwwalker.SwiftThinkBayesTests;
				PRODUCT_NAME = "$(TARGET_NAME)";
				SWIFT_VERSION = 4.2;
			};
			name = Release;
		};
/* End XCBuildConfiguration section */

/* Begin XCConfigurationList section */
		3432443321B5147C00D3B99C /* Build configuration list for PBXProject "SwiftThinkBayes" */ = {
			isa = XCConfigurationList;
			buildConfigurations = (
				3432444B21B5147D00D3B99C /* Debug */,
				3432444C21B5147D00D3B99C /* Release */,
			);
			defaultConfigurationIsVisible = 0;
			defaultConfigurationName = Release;
		};
		3432444D21B5147D00D3B99C /* Build configuration list for PBXNativeTarget "SwiftThinkBayes" */ = {
			isa = XCConfigurationList;
			buildConfigurations = (
				3432444E21B5147D00D3B99C /* Debug */,
				3432444F21B5147D00D3B99C /* Release */,
			);
			defaultConfigurationIsVisible = 0;
			defaultConfigurationName = Release;
		};
		3432445021B5147D00D3B99C /* Build configuration list for PBXNativeTarget "SwiftThinkBayesTests" */ = {
			isa = XCConfigurationList;
			buildConfigurations = (
				3432445121B5147D00D3B99C /* Debug */,
				3432445221B5147D00D3B99C /* Release */,
			);
			defaultConfigurationIsVisible = 0;
			defaultConfigurationName = Release;
		};
/* End XCConfigurationList section */
	};
	rootObject = 3432443021B5147C00D3B99C /* Project object */;
}
